[{<<"goldrush">>,
  {git,"https://github.com/basho/goldrush.git",
       {ref,"8f1b715d36b650ec1e1f5612c00e28af6ab0de82"}},
  1},
 {<<"hackney">>,
  {git,"git://github.com/benoitc/hackney.git",
       {ref,"b29a643c572bb83f8089bd57c373e7aaf1e86608"}},
  0},
 {<<"hottub">>,
  {git,"git://github.com/bfrog/hottub",
       {ref,"dcf9d0bfdadb94e535b3964c513d673c2fc2ac2d"}},
  0},
 {<<"idna">>,{pkg,<<"idna">>,<<"1.0.2">>},1},
 {<<"jsx">>,
  {git,"git://github.com/talentdeficit/jsx.git",
       {ref,"3074d4865b3385a050badf7828ad31490d860df5"}},
  0},
 {<<"lager">>,
  {git,"git://github.com/basho/lager.git",
       {ref,"81eaef0ce98fdbf64ab95665e3bc2ec4b24c7dac"}},
  0},
 {<<"ssl_verify_hostname">>,{pkg,<<"ssl_verify_hostname">>,<<"1.0.5">>},1}].
